
Microsoft Visual Studio Solution File, Format Version 12.00
# Visual Studio Version 17
VisualStudioVersion = 17.13.35931.197 d17.13
MinimumVisualStudioVersion = 10.0.40219.1
Project("{FAE04EC0-301F-11D3-BF4B-00C04F79EFBC}") = "Leetcode_Problems@", "Leetcode_Problems@\Leetcode_Problems@.csproj", "{84AD942C-A3AB-4544-98BE-0B8D411BA36F}"
EndProject
Global
	GlobalSection(SolutionConfigurationPlatforms) = preSolution
		Debug|Any CPU = Debug|Any CPU
		Release|Any CPU = Release|Any CPU
	EndGlobalSection
	GlobalSection(ProjectConfigurationPlatforms) = postSolution
		{84AD942C-A3AB-4544-98BE-0B8D411BA36F}.Debug|Any CPU.ActiveCfg = Debug|Any CPU
		{84AD942C-A3AB-4544-98BE-0B8D411BA36F}.Debug|Any CPU.Build.0 = Debug|Any CPU
		{84AD942C-A3AB-4544-98BE-0B8D411BA36F}.Release|Any CPU.ActiveCfg = Release|Any CPU
		{84AD942C-A3AB-4544-98BE-0B8D411BA36F}.Release|Any CPU.Build.0 = Release|Any CPU
	EndGlobalSection
	GlobalSection(SolutionProperties) = preSolution
		HideSolutionNode = FALSE
	EndGlobalSection
	GlobalSection(ExtensibilityGlobals) = postSolution
		SolutionGuid = {217EE61E-A5FD-4D5E-BC3C-D2F0202C15EB}
	EndGlobalSection
EndGlobal
